PODS:
  - Alamofire (4.7.1)
  - AlamofireImage (3.3.1):
    - Alamofire (~> 4.5)
  - Cache (4.2.0)
  - SnapKit (4.0.0)

DEPENDENCIES:
  - Alamofire (~> 4.7)
  - AlamofireImage (~> 3.3)
  - Cache
  - SnapKit (~> 4.0.0)

SPEC CHECKSUMS:
  Alamofire: 68d7d521118d49c615a8d2214d87cdf525599d30
  AlamofireImage: 3b35b586853abaf94ca1250f4e94cff3c21a4c0d
  Cache: f28f8dd64b632155aabf9b3906b036a659048251
  SnapKit: a42d492c16e80209130a3379f73596c3454b7694

PODFILE CHECKSUM: f53e152708f332da15fd823944bc75b98e2908c4

COCOAPODS: 1.4.0
